{
  "manifest_version": 3,
  "name": "VK Music Now Playing",
  "description": "Отслеживает текущий трек в VK Music",
  "version": "1.0",
  "permissions": ["scripting", "tabs"],
  "host_permissions": [
    "*://vk.com/*",
    "*://music.vk.com/*"
  ],
  "background": {
    "service_worker": "background.js"
  },
  "content_scripts": [
    {
      "matches": [
        "*://vk.com/*",
        "*://music.vk.com/*"
      ],
      "js": ["content.js"]
    }
  ]
}